
Microsoft Visual Studio Solution File, Format Version 12.00
# Visual Studio 15
VisualStudioVersion = 15.0.27130.2020
MinimumVisualStudioVersion = 10.0.40219.1
Project("{FAE04EC0-301F-11D3-BF4B-00C04F79EFBC}") = "WitcherScriptCompanion", "WitcherScriptCompanion\WitcherScriptCompanion.csproj", "{AE174517-2E82-4222-897A-288F8DFFA6EF}"
EndProject
Global
	GlobalSection(SolutionConfigurationPlatforms) = preSolution
		Debug|Any CPU = Debug|Any CPU
		Release|Any CPU = Release|Any CPU
	EndGlobalSection
	GlobalSection(ProjectConfigurationPlatforms) = postSolution
		{AE174517-2E82-4222-897A-288F8DFFA6EF}.Debug|Any CPU.ActiveCfg = Debug|Any CPU
		{AE174517-2E82-4222-897A-288F8DFFA6EF}.Debug|Any CPU.Build.0 = Debug|Any CPU
		{AE174517-2E82-4222-897A-288F8DFFA6EF}.Release|Any CPU.ActiveCfg = Release|Any CPU
		{AE174517-2E82-4222-897A-288F8DFFA6EF}.Release|Any CPU.Build.0 = Release|Any CPU
	EndGlobalSection
	GlobalSection(SolutionProperties) = preSolution
		HideSolutionNode = FALSE
	EndGlobalSection
	GlobalSection(ExtensibilityGlobals) = postSolution
		SolutionGuid = {EB8D30D3-390C-4992-ADA9-ADDA1AA03D9D}
	EndGlobalSection
EndGlobal
